
Microsoft Visual Studio Solution File, Format Version 12.00
# Visual Studio 14
VisualStudioVersion = 14.0.25420.1
MinimumVisualStudioVersion = 10.0.40219.1
Project("{FAE04EC0-301F-11D3-BF4B-00C04F79EFBC}") = "XamarinTest", "XamarinTest\XamarinTest.csproj", "{D06C1DA2-605D-43DF-B89F-F89B368A92AD}"
EndProject
Project("{FAE04EC0-301F-11D3-BF4B-00C04F79EFBC}") = "XamarinTest.iOS", "XamarinTest.iOS\XamarinTest.iOS.csproj", "{965D4613-91A9-4C7A-A8E1-2894A74434E2}"
EndProject
Project("{FAE04EC0-301F-11D3-BF4B-00C04F79EFBC}") = "XamarinTest.Android", "XamarinTest.Android\XamarinTest.Android.csproj", "{39A2EC00-BB18-4DBF-9E01-06B274E9AE73}"
EndProject
Global
	GlobalSection(SolutionConfigurationPlatforms) = preSolution
		Ad-Hoc|Any CPU = Ad-Hoc|Any CPU
		Ad-Hoc|iPhone = Ad-Hoc|iPhone
		Ad-Hoc|iPhoneSimulator = Ad-Hoc|iPhoneSimulator
		AppStore|Any CPU = AppStore|Any CPU
		AppStore|iPhone = AppStore|iPhone
		AppStore|iPhoneSimulator = AppStore|iPhoneSimulator
		Debug|Any CPU = Debug|Any CPU
		Debug|iPhone = Debug|iPhone
		Debug|iPhoneSimulator = Debug|iPhoneSimulator
		Release|Any CPU = Release|Any CPU
		Release|iPhone = Release|iPhone
		Release|iPhoneSimulator = Release|iPhoneSimulator
	EndGlobalSection
	GlobalSection(ProjectConfigurationPlatforms) = postSolution
		{D06C1DA2-605D-43DF-B89F-F89B368A92AD}.Ad-Hoc|Any CPU.ActiveCfg = Release|Any CPU
		{D06C1DA2-605D-43DF-B89F-F89B368A92AD}.Ad-Hoc|Any CPU.Build.0 = Release|Any CPU
		{D06C1DA2-605D-43DF-B89F-F89B368A92AD}.Ad-Hoc|iPhone.ActiveCfg = Release|Any CPU
		{D06C1DA2-605D-43DF-B89F-F89B368A92AD}.Ad-Hoc|iPhone.Build.0 = Release|Any CPU
		{D06C1DA2-605D-43DF-B89F-F89B368A92AD}.Ad-Hoc|iPhoneSimulator.ActiveCfg = Release|Any CPU
		{D06C1DA2-605D-43DF-B89F-F89B368A92AD}.Ad-Hoc|iPhoneSimulator.Build.0 = Release|Any CPU
		{D06C1DA2-605D-43DF-B89F-F89B368A92AD}.AppStore|Any CPU.ActiveCfg = Release|Any CPU
		{D06C1DA2-605D-43DF-B89F-F89B368A92AD}.AppStore|Any CPU.Build.0 = Release|Any CPU
		{D06C1DA2-605D-43DF-B89F-F89B368A92AD}.AppStore|iPhone.ActiveCfg = Release|Any CPU
		{D06C1DA2-605D-43DF-B89F-F89B368A92AD}.AppStore|iPhone.Build.0 = Release|Any CPU
		{D06C1DA2-605D-43DF-B89F-F89B368A92AD}.AppStore|iPhoneSimulator.ActiveCfg = Release|Any CPU
		{D06C1DA2-605D-43DF-B89F-F89B368A92AD}.AppStore|iPhoneSimulator.Build.0 = Release|Any CPU
		{D06C1DA2-605D-43DF-B89F-F89B368A92AD}.Debug|Any CPU.ActiveCfg = Debug|Any CPU
		{D06C1DA2-605D-43DF-B89F-F89B368A92AD}.Debug|Any CPU.Build.0 = Debug|Any CPU
		{D06C1DA2-605D-43DF-B89F-F89B368A92AD}.Debug|iPhone.ActiveCfg = Debug|Any CPU
		{D06C1DA2-605D-43DF-B89F-F89B368A92AD}.Debug|iPhone.Build.0 = Debug|Any CPU
		{D06C1DA2-605D-43DF-B89F-F89B368A92AD}.Debug|iPhoneSimulator.ActiveCfg = Debug|Any CPU
		{D06C1DA2-605D-43DF-B89F-F89B368A92AD}.Debug|iPhoneSimulator.Build.0 = Debug|Any CPU
		{D06C1DA2-605D-43DF-B89F-F89B368A92AD}.Release|Any CPU.ActiveCfg = Release|Any CPU
		{D06C1DA2-605D-43DF-B89F-F89B368A92AD}.Release|Any CPU.Build.0 = Release|Any CPU
		{D06C1DA2-605D-43DF-B89F-F89B368A92AD}.Release|iPhone.ActiveCfg = Release|Any CPU
		{D06C1DA2-605D-43DF-B89F-F89B368A92AD}.Release|iPhone.Build.0 = Release|Any CPU
		{D06C1DA2-605D-43DF-B89F-F89B368A92AD}.Release|iPhoneSimulator.ActiveCfg = Release|Any CPU
		{D06C1DA2-605D-43DF-B89F-F89B368A92AD}.Release|iPhoneSimulator.Build.0 = Release|Any CPU
		{965D4613-91A9-4C7A-A8E1-2894A74434E2}.Ad-Hoc|Any CPU.ActiveCfg = Ad-Hoc|iPhone
		{965D4613-91A9-4C7A-A8E1-2894A74434E2}.Ad-Hoc|iPhone.ActiveCfg = Ad-Hoc|iPhone
		{965D4613-91A9-4C7A-A8E1-2894A74434E2}.Ad-Hoc|iPhone.Build.0 = Ad-Hoc|iPhone
		{965D4613-91A9-4C7A-A8E1-2894A74434E2}.Ad-Hoc|iPhoneSimulator.ActiveCfg = Ad-Hoc|iPhoneSimulator
		{965D4613-91A9-4C7A-A8E1-2894A74434E2}.Ad-Hoc|iPhoneSimulator.Build.0 = Ad-Hoc|iPhoneSimulator
		{965D4613-91A9-4C7A-A8E1-2894A74434E2}.AppStore|Any CPU.ActiveCfg = AppStore|iPhone
		{965D4613-91A9-4C7A-A8E1-2894A74434E2}.AppStore|iPhone.ActiveCfg = AppStore|iPhone
		{965D4613-91A9-4C7A-A8E1-2894A74434E2}.AppStore|iPhone.Build.0 = AppStore|iPhone
		{965D4613-91A9-4C7A-A8E1-2894A74434E2}.AppStore|iPhoneSimulator.ActiveCfg = AppStore|iPhoneSimulator
		{965D4613-91A9-4C7A-A8E1-2894A74434E2}.AppStore|iPhoneSimulator.Build.0 = AppStore|iPhoneSimulator
		{965D4613-91A9-4C7A-A8E1-2894A74434E2}.Debug|Any CPU.ActiveCfg = Debug|iPhone
		{965D4613-91A9-4C7A-A8E1-2894A74434E2}.Debug|iPhone.ActiveCfg = Debug|iPhone
		{965D4613-91A9-4C7A-A8E1-2894A74434E2}.Debug|iPhone.Build.0 = Debug|iPhone
		{965D4613-91A9-4C7A-A8E1-2894A74434E2}.Debug|iPhoneSimulator.ActiveCfg = Debug|iPhoneSimulator
		{965D4613-91A9-4C7A-A8E1-2894A74434E2}.Debug|iPhoneSimulator.Build.0 = Debug|iPhoneSimulator
		{965D4613-91A9-4C7A-A8E1-2894A74434E2}.Release|Any CPU.ActiveCfg = Release|iPhone
		{965D4613-91A9-4C7A-A8E1-2894A74434E2}.Release|iPhone.ActiveCfg = Release|iPhone
		{965D4613-91A9-4C7A-A8E1-2894A74434E2}.Release|iPhone.Build.0 = Release|iPhone
		{965D4613-91A9-4C7A-A8E1-2894A74434E2}.Release|iPhoneSimulator.ActiveCfg = Release|iPhoneSimulator
		{965D4613-91A9-4C7A-A8E1-2894A74434E2}.Release|iPhoneSimulator.Build.0 = Release|iPhoneSimulator
		{39A2EC00-BB18-4DBF-9E01-06B274E9AE73}.Ad-Hoc|Any CPU.ActiveCfg = Release|Any CPU
		{39A2EC00-BB18-4DBF-9E01-06B274E9AE73}.Ad-Hoc|Any CPU.Build.0 = Release|Any CPU
		{39A2EC00-BB18-4DBF-9E01-06B274E9AE73}.Ad-Hoc|Any CPU.Deploy.0 = Release|Any CPU
		{39A2EC00-BB18-4DBF-9E01-06B274E9AE73}.Ad-Hoc|iPhone.ActiveCfg = Release|Any CPU
		{39A2EC00-BB18-4DBF-9E01-06B274E9AE73}.Ad-Hoc|iPhone.Build.0 = Release|Any CPU
		{39A2EC00-BB18-4DBF-9E01-06B274E9AE73}.Ad-Hoc|iPhone.Deploy.0 = Release|Any CPU
		{39A2EC00-BB18-4DBF-9E01-06B274E9AE73}.Ad-Hoc|iPhoneSimulator.ActiveCfg = Release|Any CPU
		{39A2EC00-BB18-4DBF-9E01-06B274E9AE73}.Ad-Hoc|iPhoneSimulator.Build.0 = Release|Any CPU
		{39A2EC00-BB18-4DBF-9E01-06B274E9AE73}.Ad-Hoc|iPhoneSimulator.Deploy.0 = Release|Any CPU
		{39A2EC00-BB18-4DBF-9E01-06B274E9AE73}.AppStore|Any CPU.ActiveCfg = Release|Any CPU
		{39A2EC00-BB18-4DBF-9E01-06B274E9AE73}.AppStore|Any CPU.Build.0 = Release|Any CPU
		{39A2EC00-BB18-4DBF-9E01-06B274E9AE73}.AppStore|Any CPU.Deploy.0 = Release|Any CPU
		{39A2EC00-BB18-4DBF-9E01-06B274E9AE73}.AppStore|iPhone.ActiveCfg = Release|Any CPU
		{39A2EC00-BB18-4DBF-9E01-06B274E9AE73}.AppStore|iPhone.Build.0 = Release|Any CPU
		{39A2EC00-BB18-4DBF-9E01-06B274E9AE73}.AppStore|iPhone.Deploy.0 = Release|Any CPU
		{39A2EC00-BB18-4DBF-9E01-06B274E9AE73}.AppStore|iPhoneSimulator.ActiveCfg = Release|Any CPU
		{39A2EC00-BB18-4DBF-9E01-06B274E9AE73}.AppStore|iPhoneSimulator.Build.0 = Release|Any CPU
		{39A2EC00-BB18-4DBF-9E01-06B274E9AE73}.AppStore|iPhoneSimulator.Deploy.0 = Release|Any CPU
		{39A2EC00-BB18-4DBF-9E01-06B274E9AE73}.Debug|Any CPU.ActiveCfg = Debug|Any CPU
		{39A2EC00-BB18-4DBF-9E01-06B274E9AE73}.Debug|Any CPU.Build.0 = Debug|Any CPU
		{39A2EC00-BB18-4DBF-9E01-06B274E9AE73}.Debug|Any CPU.Deploy.0 = Debug|Any CPU
		{39A2EC00-BB18-4DBF-9E01-06B274E9AE73}.Debug|iPhone.ActiveCfg = Debug|Any CPU
		{39A2EC00-BB18-4DBF-9E01-06B274E9AE73}.Debug|iPhone.Build.0 = Debug|Any CPU
		{39A2EC00-BB18-4DBF-9E01-06B274E9AE73}.Debug|iPhone.Deploy.0 = Debug|Any CPU
		{39A2EC00-BB18-4DBF-9E01-06B274E9AE73}.Debug|iPhoneSimulator.ActiveCfg = Debug|Any CPU
		{39A2EC00-BB18-4DBF-9E01-06B274E9AE73}.Debug|iPhoneSimulator.Build.0 = Debug|Any CPU
		{39A2EC00-BB18-4DBF-9E01-06B274E9AE73}.Debug|iPhoneSimulator.Deploy.0 = Debug|Any CPU
		{39A2EC00-BB18-4DBF-9E01-06B274E9AE73}.Release|Any CPU.ActiveCfg = Release|Any CPU
		{39A2EC00-BB18-4DBF-9E01-06B274E9AE73}.Release|Any CPU.Build.0 = Release|Any CPU
		{39A2EC00-BB18-4DBF-9E01-06B274E9AE73}.Release|Any CPU.Deploy.0 = Release|Any CPU
		{39A2EC00-BB18-4DBF-9E01-06B274E9AE73}.Release|iPhone.ActiveCfg = Release|Any CPU
		{39A2EC00-BB18-4DBF-9E01-06B274E9AE73}.Release|iPhone.Build.0 = Release|Any CPU
		{39A2EC00-BB18-4DBF-9E01-06B274E9AE73}.Release|iPhone.Deploy.0 = Release|Any CPU
		{39A2EC00-BB18-4DBF-9E01-06B274E9AE73}.Release|iPhoneSimulator.ActiveCfg = Release|Any CPU
		{39A2EC00-BB18-4DBF-9E01-06B274E9AE73}.Release|iPhoneSimulator.Build.0 = Release|Any CPU
		{39A2EC00-BB18-4DBF-9E01-06B274E9AE73}.Release|iPhoneSimulator.Deploy.0 = Release|Any CPU
	EndGlobalSection
	GlobalSection(SolutionProperties) = preSolution
		HideSolutionNode = FALSE
	EndGlobalSection
EndGlobal
